<?xml version="1.0" encoding="utf-8"?>
<Project ToolsVersion="4.0" xmlns="http://schemas.microsoft.com/developer/msbuild/2003">
  <ItemGroup>
    <Filter Include="Source Files">
      <UniqueIdentifier>{4FC737F1-C7A5-4376-A066-2A32D752A2FF}</UniqueIdentifier>
      <Extensions>cpp;c;cc;cxx;c++;cppm;ixx;def;odl;idl;hpj;bat;asm;asmx</Extensions>
    </Filter>
    <Filter Include="Header Files">
      <UniqueIdentifier>{93995380-89BD-4b04-88EB-625FBE52EBFB}</UniqueIdentifier>
      <Extensions>h;hh;hpp;hxx;h++;hm;inl;inc;ipp;xsd</Extensions>
    </Filter>
    <Filter Include="Resource Files">
      <UniqueIdentifier>{67DA6AB6-F800-4c08-8B7A-83BB121AAD01}</UniqueIdentifier>
      <Extensions>rc;ico;cur;bmp;dlg;rc2;rct;bin;rgs;gif;jpg;jpeg;jpe;resx;tiff;tif;png;wav;mfcribbon-ms</Extensions>
    </Filter>
  </ItemGroup>
  <ItemGroup>
    <ClInclude Include="framework.h">
      <Filter>Header Files</Filter>
    </ClInclude>
    <ClInclude Include="AesCryptor.h">
      <Filter>Header Files</Filter>
    </ClInclude>
    <ClInclude Include="AlphaRngConfig.h">
      <Filter>Header Files</Filter>
    </ClInclude>
    <ClInclude Include="DeviceInterface.h">
      <Filter>Header Files</Filter>
    </ClInclude>
    <ClInclude Include="HealthTests.h">
      <Filter>Header Files</Filter>
    </ClInclude>
    <ClInclude Include="HmacInterface.h">
      <Filter>Header Files</Filter>
    </ClInclude>
    <ClInclude Include="HmacMD5.h">
      <Filter>Header Files</Filter>
    </ClInclude>
    <ClInclude Include="HmacSha1.h">
      <Filter>Header Files</Filter>
    </ClInclude>
    <ClInclude Include="HmacSha256.h">
      <Filter>Header Files</Filter>
    </ClInclude>
    <ClInclude Include="RsaCryptor.h">
      <Filter>Header Files</Filter>
    </ClInclude>
    <ClInclude Include="RsaKeyRepo.h">
      <Filter>Header Files</Filter>
    </ClInclude>
    <ClInclude Include="Structures.h">
      <Filter>Header Files</Filter>
    </ClInclude>
    <ClInclude Include="WinUsbSerialDevice.h">
      <Filter>Header Files</Filter>
    </ClInclude>
    <ClInclude Include="AlphaRngApi.h">
      <Filter>Header Files</Filter>
    </ClInclude>
    <ClInclude Include="AppArguments.h">
      <Filter>Header Files</Filter>
    </ClInclude>
    <ClInclude Include="EntropyServerConnector.h">
      <Filter>Header Files</Filter>
    </ClInclude>
    <ClInclude Include="Sha256.h">
      <Filter>Header Files</Filter>
    </ClInclude>
    <ClInclude Include="Sha512.h">
      <Filter>Header Files</Filter>
    </ClInclude>
    <ClInclude Include="ShaEntropyExtractor.h">
      <Filter>Header Files</Filter>
    </ClInclude>
    <ClInclude Include="ShaInterface.h">
      <Filter>Header Files</Filter>
    </ClInclude>
    <ClInclude Include="AlphaRngApiCWrapper.h">
      <Filter>Header Files</Filter>
    </ClInclude>
  </ItemGroup>
  <ItemGroup>
    <ClCompile Include="AesCryptor.cpp">
      <Filter>Source Files</Filter>
    </ClCompile>
    <ClCompile Include="HealthTests.cpp">
      <Filter>Source Files</Filter>
    </ClCompile>
    <ClCompile Include="HmacMD5.cpp">
      <Filter>Source Files</Filter>
    </ClCompile>
    <ClCompile Include="HmacSha1.cpp">
      <Filter>Source Files</Filter>
    </ClCompile>
    <ClCompile Include="HmacSha256.cpp">
      <Filter>Source Files</Filter>
    </ClCompile>
    <ClCompile Include="RsaCryptor.cpp">
      <Filter>Source Files</Filter>
    </ClCompile>
    <ClCompile Include="RsaKeyRepo.cpp">
      <Filter>Source Files</Filter>
    </ClCompile>
    <ClCompile Include="WinUsbSerialDevice.cpp">
      <Filter>Source Files</Filter>
    </ClCompile>
    <ClCompile Include="AlphaRngApi.cpp">
      <Filter>Source Files</Filter>
    </ClCompile>
    <ClCompile Include="AppArguments.cpp">
      <Filter>Source Files</Filter>
    </ClCompile>
    <ClCompile Include="EntropyServerConnector.cpp">
      <Filter>Source Files</Filter>
    </ClCompile>
    <ClCompile Include="Sha256.cpp">
      <Filter>Source Files</Filter>
    </ClCompile>
    <ClCompile Include="Sha512.cpp">
      <Filter>Source Files</Filter>
    </ClCompile>
    <ClCompile Include="ShaEntropyExtractor.cpp">
      <Filter>Source Files</Filter>
    </ClCompile>
    <ClCompile Include="AlphaRngApiCWrapper.cpp">
      <Filter>Source Files</Filter>
    </ClCompile>
  </ItemGroup>
  <ItemGroup>
    <Library Include="SetupAPI.Lib" />
  </ItemGroup>
</Project>